
Microsoft Visual Studio Solution File, Format Version 12.00
# Visual Studio Version 16
VisualStudioVersion = 16.0.30611.23
MinimumVisualStudioVersion = 10.0.40219.1
Project("{FAE04EC0-301F-11D3-BF4B-00C04F79EFBC}") = "mvcproj", "mvcproj\mvcproj.csproj", "{ED81733F-8E6B-4E22-9D8E-15D2E9FAE2F1}"
EndProject
Global
	GlobalSection(SolutionConfigurationPlatforms) = preSolution
		Debug|Any CPU = Debug|Any CPU
		Release|Any CPU = Release|Any CPU
	EndGlobalSection
	GlobalSection(ProjectConfigurationPlatforms) = postSolution
		{ED81733F-8E6B-4E22-9D8E-15D2E9FAE2F1}.Debug|Any CPU.ActiveCfg = Debug|Any CPU
		{ED81733F-8E6B-4E22-9D8E-15D2E9FAE2F1}.Debug|Any CPU.Build.0 = Debug|Any CPU
		{ED81733F-8E6B-4E22-9D8E-15D2E9FAE2F1}.Release|Any CPU.ActiveCfg = Release|Any CPU
		{ED81733F-8E6B-4E22-9D8E-15D2E9FAE2F1}.Release|Any CPU.Build.0 = Release|Any CPU
	EndGlobalSection
	GlobalSection(SolutionProperties) = preSolution
		HideSolutionNode = FALSE
	EndGlobalSection
	GlobalSection(ExtensibilityGlobals) = postSolution
		SolutionGuid = {1D1FE03F-4420-449E-A5D8-17914DCC2799}
	EndGlobalSection
EndGlobal
